
Microsoft Visual Studio Solution File, Format Version 12.00
# Visual Studio Version 17
VisualStudioVersion = 17.5.002.0
MinimumVisualStudioVersion = 10.0.40219.1
Project("{9A19103F-16F7-4668-BE54-9A1E7A4F7556}") = "TodoApi", "TodoApi.csproj", "{71F6F725-DAA4-4582-8B07-CC767C24ECAD}"
EndProject
Project("{FAE04EC0-301F-11D3-BF4B-00C04F79EFBC}") = "dotnet8-leetcode", "..\..\dotnet8-leetcode\dotnet8-leetcode.csproj", "{28C42C0D-B9C6-4193-A0B7-22167D3B93BF}"
EndProject
Global
	GlobalSection(SolutionConfigurationPlatforms) = preSolution
		Debug|Any CPU = Debug|Any CPU
		Release|Any CPU = Release|Any CPU
	EndGlobalSection
	GlobalSection(ProjectConfigurationPlatforms) = postSolution
		{71F6F725-DAA4-4582-8B07-CC767C24ECAD}.Debug|Any CPU.ActiveCfg = Debug|Any CPU
		{71F6F725-DAA4-4582-8B07-CC767C24ECAD}.Debug|Any CPU.Build.0 = Debug|Any CPU
		{71F6F725-DAA4-4582-8B07-CC767C24ECAD}.Release|Any CPU.ActiveCfg = Release|Any CPU
		{71F6F725-DAA4-4582-8B07-CC767C24ECAD}.Release|Any CPU.Build.0 = Release|Any CPU
		{28C42C0D-B9C6-4193-A0B7-22167D3B93BF}.Debug|Any CPU.ActiveCfg = Debug|Any CPU
		{28C42C0D-B9C6-4193-A0B7-22167D3B93BF}.Debug|Any CPU.Build.0 = Debug|Any CPU
		{28C42C0D-B9C6-4193-A0B7-22167D3B93BF}.Release|Any CPU.ActiveCfg = Release|Any CPU
		{28C42C0D-B9C6-4193-A0B7-22167D3B93BF}.Release|Any CPU.Build.0 = Release|Any CPU
	EndGlobalSection
	GlobalSection(SolutionProperties) = preSolution
		HideSolutionNode = FALSE
	EndGlobalSection
	GlobalSection(ExtensibilityGlobals) = postSolution
		SolutionGuid = {05F71EA3-68F7-4CB4-B29E-C66936CCC5DA}
	EndGlobalSection
EndGlobal
